
Microsoft Visual Studio Solution File, Format Version 12.00
# Visual Studio Version 17
VisualStudioVersion = 17.9.34622.214
MinimumVisualStudioVersion = 10.0.40219.1
Project("{FAE04EC0-301F-11D3-BF4B-00C04F79EFBC}") = "TikTok-Clone-Backend", "TikTok-Clone-Backend.csproj", "{0258746B-FE51-400E-BB93-7B72FD397202}"
EndProject
Global
	GlobalSection(SolutionConfigurationPlatforms) = preSolution
		Debug|Any CPU = Debug|Any CPU
		Release|Any CPU = Release|Any CPU
	EndGlobalSection
	GlobalSection(ProjectConfigurationPlatforms) = postSolution
		{0258746B-FE51-400E-BB93-7B72FD397202}.Debug|Any CPU.ActiveCfg = Debug|Any CPU
		{0258746B-FE51-400E-BB93-7B72FD397202}.Debug|Any CPU.Build.0 = Debug|Any CPU
		{0258746B-FE51-400E-BB93-7B72FD397202}.Release|Any CPU.ActiveCfg = Release|Any CPU
		{0258746B-FE51-400E-BB93-7B72FD397202}.Release|Any CPU.Build.0 = Release|Any CPU
	EndGlobalSection
	GlobalSection(SolutionProperties) = preSolution
		HideSolutionNode = FALSE
	EndGlobalSection
	GlobalSection(ExtensibilityGlobals) = postSolution
		SolutionGuid = {37C44205-5909-403E-91E8-96F56C7E6251}
	EndGlobalSection
EndGlobal
