
Microsoft Visual Studio Solution File, Format Version 12.00
# Visual Studio Version 17
VisualStudioVersion = 17.9.34622.214
MinimumVisualStudioVersion = 10.0.40219.1
Project("{FAE04EC0-301F-11D3-BF4B-00C04F79EFBC}") = "TikTok-Clone-User-Service", "TikTok-Clone-User-Service.csproj", "{12565C08-BC07-4DA9-B9F4-26FF8BE83B6E}"
EndProject
Global
	GlobalSection(SolutionConfigurationPlatforms) = preSolution
		Debug|Any CPU = Debug|Any CPU
		Release|Any CPU = Release|Any CPU
	EndGlobalSection
	GlobalSection(ProjectConfigurationPlatforms) = postSolution
		{12565C08-BC07-4DA9-B9F4-26FF8BE83B6E}.Debug|Any CPU.ActiveCfg = Debug|Any CPU
		{12565C08-BC07-4DA9-B9F4-26FF8BE83B6E}.Debug|Any CPU.Build.0 = Debug|Any CPU
		{12565C08-BC07-4DA9-B9F4-26FF8BE83B6E}.Release|Any CPU.ActiveCfg = Release|Any CPU
		{12565C08-BC07-4DA9-B9F4-26FF8BE83B6E}.Release|Any CPU.Build.0 = Release|Any CPU
	EndGlobalSection
	GlobalSection(SolutionProperties) = preSolution
		HideSolutionNode = FALSE
	EndGlobalSection
	GlobalSection(ExtensibilityGlobals) = postSolution
		SolutionGuid = {0F7EB3EC-E059-4710-8169-947E5ED56CB7}
	EndGlobalSection
EndGlobal
